// !$*UTF8*$!
{
	archiveVersion = 1;
	classes = {
	};
	objectVersion = 52;
	objects = {

/* Begin PBXBuildFile section */
		E008C4D22700BCE50093B5FD /* SwinjectAssemblies.swift in Sources */ = {isa = PBXBuildFile; fileRef = E008C4D12700BCE50093B5FD /* SwinjectAssemblies.swift */; };
		E0128BEB273A80C200B5283C /* SWStorageProvider.swift in Sources */ = {isa = PBXBuildFile; fileRef = E0128BEA273A80C200B5283C /* SWStorageProvider.swift */; };
		E0128BED273A857200B5283C /* StorageError.swift in Sources */ = {isa = PBXBuildFile; fileRef = E0128BEC273A857200B5283C /* StorageError.swift */; };
		E0128BEF273A94E900B5283C /* Logger.swift in Sources */ = {isa = PBXBuildFile; fileRef = E0128BEE273A94E900B5283C /* Logger.swift */; };
		E0128BF2273A96F800B5283C /* Loggable.swift in Sources */ = {isa = PBXBuildFile; fileRef = E0128BF1273A96F800B5283C /* Loggable.swift */; };
		E0128BF4273A970C00B5283C /* LoggerMessages.swift in Sources */ = {isa = PBXBuildFile; fileRef = E0128BF3273A970C00B5283C /* LoggerMessages.swift */; };
		E03E643F27064BAA0095BC0E /* PhoneCodeController.swift in Sources */ = {isa = PBXBuildFile; fileRef = E03E643E27064BAA0095BC0E /* PhoneCodeController.swift */; };
		E04DCCF826F8F109003B4F8E /* AppDelegate.swift in Sources */ = {isa = PBXBuildFile; fileRef = E04DCCF726F8F109003B4F8E /* AppDelegate.swift */; };
		E04DCCFA26F8F109003B4F8E /* SceneDelegate.swift in Sources */ = {isa = PBXBuildFile; fileRef = E04DCCF926F8F109003B4F8E /* SceneDelegate.swift */; };
		E04DCD0126F8F10A003B4F8E /* Assets.xcassets in Resources */ = {isa = PBXBuildFile; fileRef = E04DCD0026F8F10A003B4F8E /* Assets.xcassets */; };
		E04DCD0426F8F10A003B4F8E /* LaunchScreen.storyboard in Resources */ = {isa = PBXBuildFile; fileRef = E04DCD0226F8F10A003B4F8E /* LaunchScreen.storyboard */; };
		E04DCD0F26F8F10A003B4F8E /* SwyzzyTests.swift in Sources */ = {isa = PBXBuildFile; fileRef = E04DCD0E26F8F10A003B4F8E /* SwyzzyTests.swift */; };
		E04DCD1A26F8F10A003B4F8E /* SwyzzyUITests.swift in Sources */ = {isa = PBXBuildFile; fileRef = E04DCD1926F8F10A003B4F8E /* SwyzzyUITests.swift */; };
		E04DCD2C26F8F60A003B4F8E /* InitializationCoordinator.swift in Sources */ = {isa = PBXBuildFile; fileRef = E04DCD2B26F8F60A003B4F8E /* InitializationCoordinator.swift */; };
		E04DCD3026F8F6A7003B4F8E /* InitializationController.swift in Sources */ = {isa = PBXBuildFile; fileRef = E04DCD2F26F8F6A7003B4F8E /* InitializationController.swift */; };
		E04DCD3726F8FC19003B4F8E /* MainFlowCoordinator.swift in Sources */ = {isa = PBXBuildFile; fileRef = E04DCD3626F8FC19003B4F8E /* MainFlowCoordinator.swift */; };
		E04DCD3B26F8FFA8003B4F8E /* GoogleService-Info.plist in Resources */ = {isa = PBXBuildFile; fileRef = E04DCD3A26F8FFA8003B4F8E /* GoogleService-Info.plist */; };
		E04DCD3E26F90058003B4F8E /* FirebaseFirestore in Frameworks */ = {isa = PBXBuildFile; productRef = E04DCD3D26F90058003B4F8E /* FirebaseFirestore */; };
		E04DCD4026F90058003B4F8E /* FirebaseFirestoreSwift-Beta in Frameworks */ = {isa = PBXBuildFile; productRef = E04DCD3F26F90058003B4F8E /* FirebaseFirestoreSwift-Beta */; };
		E04DCD4226F90058003B4F8E /* FirebaseStorageSwift-Beta in Frameworks */ = {isa = PBXBuildFile; productRef = E04DCD4126F90058003B4F8E /* FirebaseStorageSwift-Beta */; };
		E04DCD4426F90058003B4F8E /* FirebaseStorage in Frameworks */ = {isa = PBXBuildFile; productRef = E04DCD4326F90058003B4F8E /* FirebaseStorage */; };
		E04DCD4626F90058003B4F8E /* FirebaseAuth in Frameworks */ = {isa = PBXBuildFile; productRef = E04DCD4526F90058003B4F8E /* FirebaseAuth */; };
		E06AB69A2702379F008D1BEA /* PhoneCodeView.swift in Sources */ = {isa = PBXBuildFile; fileRef = E06AB6992702379F008D1BEA /* PhoneCodeView.swift */; };
		E06AB69D27023856008D1BEA /* AuthController.swift in Sources */ = {isa = PBXBuildFile; fileRef = E06AB69C27023856008D1BEA /* AuthController.swift */; };
		E06AB6A0270238CB008D1BEA /* SnapKit in Frameworks */ = {isa = PBXBuildFile; productRef = E06AB69F270238CB008D1BEA /* SnapKit */; };
		E06AB6A227023AFA008D1BEA /* Colors.xcassets in Resources */ = {isa = PBXBuildFile; fileRef = E06AB6A127023AFA008D1BEA /* Colors.xcassets */; };
		E06AB6A427023EC3008D1BEA /* Flags.xcassets in Resources */ = {isa = PBXBuildFile; fileRef = E06AB6A327023EC3008D1BEA /* Flags.xcassets */; };
		E06AB6A627024008008D1BEA /* SWTextField.swift in Sources */ = {isa = PBXBuildFile; fileRef = E06AB6A527024008008D1BEA /* SWTextField.swift */; };
		E06AB6A827024711008D1BEA /* SWButton.swift in Sources */ = {isa = PBXBuildFile; fileRef = E06AB6A727024711008D1BEA /* SWButton.swift */; };
		E06AB6AC27025108008D1BEA /* Localizable.strings in Resources */ = {isa = PBXBuildFile; fileRef = E06AB6AE27025108008D1BEA /* Localizable.strings */; };
		E06AB6B12702517B008D1BEA /* StringExtension.swift in Sources */ = {isa = PBXBuildFile; fileRef = E06AB6B02702517B008D1BEA /* StringExtension.swift */; };
		E06AB6B3270251F7008D1BEA /* StringsEnum.swift in Sources */ = {isa = PBXBuildFile; fileRef = E06AB6B2270251F7008D1BEA /* StringsEnum.swift */; };
		E06AB6B62704E45A008D1BEA /* InternationalizationSignal.swift in Sources */ = {isa = PBXBuildFile; fileRef = E06AB6B52704E45A008D1BEA /* InternationalizationSignal.swift */; };
		E06AB6B82704E558008D1BEA /* Country.swift in Sources */ = {isa = PBXBuildFile; fileRef = E06AB6B72704E558008D1BEA /* Country.swift */; };
		E06AB6BA2704F3D5008D1BEA /* CountriesController.swift in Sources */ = {isa = PBXBuildFile; fileRef = E06AB6B92704F3D5008D1BEA /* CountriesController.swift */; };
		E06E67B52718BAFA00CB1995 /* AuthError.swift in Sources */ = {isa = PBXBuildFile; fileRef = E06E67B42718BAFA00CB1995 /* AuthError.swift */; };
		E07022672755620000E86A8B /* InjectedPropertyWrapper.swift in Sources */ = {isa = PBXBuildFile; fileRef = E07022662755620000E86A8B /* InjectedPropertyWrapper.swift */; };
		E082899A2712EC190060E4A8 /* AuthCoordinator.swift in Sources */ = {isa = PBXBuildFile; fileRef = E08289992712EC190060E4A8 /* AuthCoordinator.swift */; };
		E0B42F452700B2B2003C9C7B /* InternationalizationCoordinator.swift in Sources */ = {isa = PBXBuildFile; fileRef = E0B42F442700B2B2003C9C7B /* InternationalizationCoordinator.swift */; };
		E0B42F482700B323003C9C7B /* SWUser.swift in Sources */ = {isa = PBXBuildFile; fileRef = E0B42F472700B323003C9C7B /* SWUser.swift */; };
		E0B42F4A2700B3D9003C9C7B /* CountriesPhones.plist in Resources */ = {isa = PBXBuildFile; fileRef = E0B42F492700B3D9003C9C7B /* CountriesPhones.plist */; };
		E0B42F4E2700B42B003C9C7B /* FunctionalCoordinator.swift in Sources */ = {isa = PBXBuildFile; fileRef = E0B42F4D2700B42B003C9C7B /* FunctionalCoordinator.swift */; };
		E0B42F542700B681003C9C7B /* Swinject in Frameworks */ = {isa = PBXBuildFile; productRef = E0B42F532700B681003C9C7B /* Swinject */; };
		E0B48B052725520000F657DA /* HelloCoordinator.swift in Sources */ = {isa = PBXBuildFile; fileRef = E0B48B042725520000F657DA /* HelloCoordinator.swift */; };
		E0B48B082725526D00F657DA /* HelloControllerContainer.swift in Sources */ = {isa = PBXBuildFile; fileRef = E0B48B072725526D00F657DA /* HelloControllerContainer.swift */; };
		E0B48B0A272556D400F657DA /* AlertCoordinator.swift in Sources */ = {isa = PBXBuildFile; fileRef = E0B48B09272556D400F657DA /* AlertCoordinator.swift */; };
		E0C704F72700B8FC00E72437 /* TitanOne-Regular.ttf in Resources */ = {isa = PBXBuildFile; fileRef = E0B42F552700B80D003C9C7B /* TitanOne-Regular.ttf */; };
		E0D4F8072753C1FA00BDF1FE /* HelloInformationController.swift in Sources */ = {isa = PBXBuildFile; fileRef = E0D4F8062753C1FA00BDF1FE /* HelloInformationController.swift */; };
		E0D715B52723FE2500AEA0FC /* AppPublisher + AppEvents.swift in Sources */ = {isa = PBXBuildFile; fileRef = E0D715B42723FE2500AEA0FC /* AppPublisher + AppEvents.swift */; };
		E0F09346272C3D07000257FD /* SWCodeField.swift in Sources */ = {isa = PBXBuildFile; fileRef = E0F09345272C3D07000257FD /* SWCodeField.swift */; };
		E0FD1535271DF5950014022B /* FunctionalTabBarController.swift in Sources */ = {isa = PBXBuildFile; fileRef = E0FD1534271DF5950014022B /* FunctionalTabBarController.swift */; };
		E0FD1539271DFAB70014022B /* MoreController.swift in Sources */ = {isa = PBXBuildFile; fileRef = E0FD1538271DFAB70014022B /* MoreController.swift */; };
		F918FF96270A451500A74FBF /* AuthProvider.swift in Sources */ = {isa = PBXBuildFile; fileRef = F918FF95270A451500A74FBF /* AuthProvider.swift */; };
		F9A14CF4274D21A7007E7180 /* HelloTextFieldController.swift in Sources */ = {isa = PBXBuildFile; fileRef = F9A14CF3274D21A7007E7180 /* HelloTextFieldController.swift */; };
		F9BE458B272C826C009BEA32 /* SWUserAuthProvider.swift in Sources */ = {isa = PBXBuildFile; fileRef = F9BE458A272C826B009BEA32 /* SWUserAuthProvider.swift */; };
		F9BE458E272D530F009BEA32 /* Extension Coordinator.swift in Sources */ = {isa = PBXBuildFile; fileRef = F9BE458D272D530F009BEA32 /* Extension Coordinator.swift */; };
		F9BE4591272DDACE009BEA32 /* README.md in Resources */ = {isa = PBXBuildFile; fileRef = F9BE4590272DDACE009BEA32 /* README.md */; };
		F9C10470274303F500451B88 /* SwiftCoordinatorsKit in Frameworks */ = {isa = PBXBuildFile; productRef = F9C1046F274303F500451B88 /* SwiftCoordinatorsKit */; };
/* End PBXBuildFile section */

/* Begin PBXContainerItemProxy section */
		E04DCD0B26F8F10A003B4F8E /* PBXContainerItemProxy */ = {
			isa = PBXContainerItemProxy;
			containerPortal = E04DCCEC26F8F109003B4F8E /* Project object */;
			proxyType = 1;
			remoteGlobalIDString = E04DCCF326F8F109003B4F8E;
			remoteInfo = Swyzzy;
		};
		E04DCD1626F8F10A003B4F8E /* PBXContainerItemProxy */ = {
			isa = PBXContainerItemProxy;
			containerPortal = E04DCCEC26F8F109003B4F8E /* Project object */;
			proxyType = 1;
			remoteGlobalIDString = E04DCCF326F8F109003B4F8E;
			remoteInfo = Swyzzy;
		};
/* End PBXContainerItemProxy section */

/* Begin PBXFileReference section */
		E008C4D12700BCE50093B5FD /* SwinjectAssemblies.swift */ = {isa = PBXFileReference; lastKnownFileType = sourcecode.swift; path = SwinjectAssemblies.swift; sourceTree = "<group>"; };
		E0128BEA273A80C200B5283C /* SWStorageProvider.swift */ = {isa = PBXFileReference; lastKnownFileType = sourcecode.swift; path = SWStorageProvider.swift; sourceTree = "<group>"; };
		E0128BEC273A857200B5283C /* StorageError.swift */ = {isa = PBXFileReference; lastKnownFileType = sourcecode.swift; path = StorageError.swift; sourceTree = "<group>"; };
		E0128BEE273A94E900B5283C /* Logger.swift */ = {isa = PBXFileReference; lastKnownFileType = sourcecode.swift; path = Logger.swift; sourceTree = "<group>"; };
		E0128BF1273A96F800B5283C /* Loggable.swift */ = {isa = PBXFileReference; lastKnownFileType = sourcecode.swift; path = Loggable.swift; sourceTree = "<group>"; };
		E0128BF3273A970C00B5283C /* LoggerMessages.swift */ = {isa = PBXFileReference; lastKnownFileType = sourcecode.swift; path = LoggerMessages.swift; sourceTree = "<group>"; };
		E03E643D270635EA0095BC0E /* Swyzzy.entitlements */ = {isa = PBXFileReference; lastKnownFileType = text.plist.entitlements; path = Swyzzy.entitlements; sourceTree = "<group>"; };
		E03E643E27064BAA0095BC0E /* PhoneCodeController.swift */ = {isa = PBXFileReference; lastKnownFileType = sourcecode.swift; path = PhoneCodeController.swift; sourceTree = "<group>"; };
		E04DCCF426F8F109003B4F8E /* Swyzzy.app */ = {isa = PBXFileReference; explicitFileType = wrapper.application; includeInIndex = 0; path = Swyzzy.app; sourceTree = BUILT_PRODUCTS_DIR; };
		E04DCCF726F8F109003B4F8E /* AppDelegate.swift */ = {isa = PBXFileReference; lastKnownFileType = sourcecode.swift; path = AppDelegate.swift; sourceTree = "<group>"; };
		E04DCCF926F8F109003B4F8E /* SceneDelegate.swift */ = {isa = PBXFileReference; lastKnownFileType = sourcecode.swift; path = SceneDelegate.swift; sourceTree = "<group>"; };
		E04DCD0026F8F10A003B4F8E /* Assets.xcassets */ = {isa = PBXFileReference; lastKnownFileType = folder.assetcatalog; path = Assets.xcassets; sourceTree = "<group>"; };
		E04DCD0326F8F10A003B4F8E /* Base */ = {isa = PBXFileReference; lastKnownFileType = file.storyboard; name = Base; path = Base.lproj/LaunchScreen.storyboard; sourceTree = "<group>"; };
		E04DCD0526F8F10A003B4F8E /* Info.plist */ = {isa = PBXFileReference; lastKnownFileType = text.plist.xml; path = Info.plist; sourceTree = "<group>"; };
		E04DCD0A26F8F10A003B4F8E /* SwyzzyTests.xctest */ = {isa = PBXFileReference; explicitFileType = wrapper.cfbundle; includeInIndex = 0; path = SwyzzyTests.xctest; sourceTree = BUILT_PRODUCTS_DIR; };
		E04DCD0E26F8F10A003B4F8E /* SwyzzyTests.swift */ = {isa = PBXFileReference; lastKnownFileType = sourcecode.swift; path = SwyzzyTests.swift; sourceTree = "<group>"; };
		E04DCD1026F8F10A003B4F8E /* Info.plist */ = {isa = PBXFileReference; lastKnownFileType = text.plist.xml; path = Info.plist; sourceTree = "<group>"; };
		E04DCD1526F8F10A003B4F8E /* SwyzzyUITests.xctest */ = {isa = PBXFileReference; explicitFileType = wrapper.cfbundle; includeInIndex = 0; path = SwyzzyUITests.xctest; sourceTree = BUILT_PRODUCTS_DIR; };
		E04DCD1926F8F10A003B4F8E /* SwyzzyUITests.swift */ = {isa = PBXFileReference; lastKnownFileType = sourcecode.swift; path = SwyzzyUITests.swift; sourceTree = "<group>"; };
		E04DCD1B26F8F10A003B4F8E /* Info.plist */ = {isa = PBXFileReference; lastKnownFileType = text.plist.xml; path = Info.plist; sourceTree = "<group>"; };
		E04DCD2B26F8F60A003B4F8E /* InitializationCoordinator.swift */ = {isa = PBXFileReference; lastKnownFileType = sourcecode.swift; path = InitializationCoordinator.swift; sourceTree = "<group>"; };
		E04DCD2F26F8F6A7003B4F8E /* InitializationController.swift */ = {isa = PBXFileReference; lastKnownFileType = sourcecode.swift; path = InitializationController.swift; sourceTree = "<group>"; };
		E04DCD3626F8FC19003B4F8E /* MainFlowCoordinator.swift */ = {isa = PBXFileReference; lastKnownFileType = sourcecode.swift; path = MainFlowCoordinator.swift; sourceTree = "<group>"; };
		E04DCD3A26F8FFA8003B4F8E /* GoogleService-Info.plist */ = {isa = PBXFileReference; fileEncoding = 4; lastKnownFileType = text.plist.xml; path = "GoogleService-Info.plist"; sourceTree = "<group>"; };
		E06AB6992702379F008D1BEA /* PhoneCodeView.swift */ = {isa = PBXFileReference; lastKnownFileType = sourcecode.swift; path = PhoneCodeView.swift; sourceTree = "<group>"; };
		E06AB69C27023856008D1BEA /* AuthController.swift */ = {isa = PBXFileReference; lastKnownFileType = sourcecode.swift; path = AuthController.swift; sourceTree = "<group>"; };
		E06AB6A127023AFA008D1BEA /* Colors.xcassets */ = {isa = PBXFileReference; lastKnownFileType = folder.assetcatalog; path = Colors.xcassets; sourceTree = "<group>"; };
		E06AB6A327023EC3008D1BEA /* Flags.xcassets */ = {isa = PBXFileReference; lastKnownFileType = folder.assetcatalog; path = Flags.xcassets; sourceTree = "<group>"; };
		E06AB6A527024008008D1BEA /* SWTextField.swift */ = {isa = PBXFileReference; lastKnownFileType = sourcecode.swift; path = SWTextField.swift; sourceTree = "<group>"; };
		E06AB6A727024711008D1BEA /* SWButton.swift */ = {isa = PBXFileReference; lastKnownFileType = sourcecode.swift; path = SWButton.swift; sourceTree = "<group>"; };
		E06AB6AD27025108008D1BEA /* en */ = {isa = PBXFileReference; lastKnownFileType = text.plist.strings; name = en; path = en.lproj/Localizable.strings; sourceTree = "<group>"; };
		E06AB6B02702517B008D1BEA /* StringExtension.swift */ = {isa = PBXFileReference; lastKnownFileType = sourcecode.swift; path = StringExtension.swift; sourceTree = "<group>"; };
		E06AB6B2270251F7008D1BEA /* StringsEnum.swift */ = {isa = PBXFileReference; lastKnownFileType = sourcecode.swift; path = StringsEnum.swift; sourceTree = "<group>"; };
		E06AB6B52704E45A008D1BEA /* InternationalizationSignal.swift */ = {isa = PBXFileReference; lastKnownFileType = sourcecode.swift; path = InternationalizationSignal.swift; sourceTree = "<group>"; };
		E06AB6B72704E558008D1BEA /* Country.swift */ = {isa = PBXFileReference; lastKnownFileType = sourcecode.swift; path = Country.swift; sourceTree = "<group>"; };
		E06AB6B92704F3D5008D1BEA /* CountriesController.swift */ = {isa = PBXFileReference; lastKnownFileType = sourcecode.swift; path = CountriesController.swift; sourceTree = "<group>"; };
		E06E67B42718BAFA00CB1995 /* AuthError.swift */ = {isa = PBXFileReference; lastKnownFileType = sourcecode.swift; path = AuthError.swift; sourceTree = "<group>"; };
		E07022662755620000E86A8B /* InjectedPropertyWrapper.swift */ = {isa = PBXFileReference; lastKnownFileType = sourcecode.swift; path = InjectedPropertyWrapper.swift; sourceTree = "<group>"; };
		E08289992712EC190060E4A8 /* AuthCoordinator.swift */ = {isa = PBXFileReference; lastKnownFileType = sourcecode.swift; path = AuthCoordinator.swift; sourceTree = "<group>"; };
		E0B42F442700B2B2003C9C7B /* InternationalizationCoordinator.swift */ = {isa = PBXFileReference; fileEncoding = 4; lastKnownFileType = sourcecode.swift; path = InternationalizationCoordinator.swift; sourceTree = "<group>"; };
		E0B42F472700B323003C9C7B /* SWUser.swift */ = {isa = PBXFileReference; fileEncoding = 4; lastKnownFileType = sourcecode.swift; path = SWUser.swift; sourceTree = "<group>"; };
		E0B42F492700B3D9003C9C7B /* CountriesPhones.plist */ = {isa = PBXFileReference; fileEncoding = 4; lastKnownFileType = text.plist.xml; path = CountriesPhones.plist; sourceTree = "<group>"; };
		E0B42F4D2700B42B003C9C7B /* FunctionalCoordinator.swift */ = {isa = PBXFileReference; lastKnownFileType = sourcecode.swift; path = FunctionalCoordinator.swift; sourceTree = "<group>"; };
		E0B42F552700B80D003C9C7B /* TitanOne-Regular.ttf */ = {isa = PBXFileReference; lastKnownFileType = file; path = "TitanOne-Regular.ttf"; sourceTree = "<group>"; };
		E0B48B042725520000F657DA /* HelloCoordinator.swift */ = {isa = PBXFileReference; lastKnownFileType = sourcecode.swift; path = HelloCoordinator.swift; sourceTree = "<group>"; };
		E0B48B072725526D00F657DA /* HelloControllerContainer.swift */ = {isa = PBXFileReference; lastKnownFileType = sourcecode.swift; path = HelloControllerContainer.swift; sourceTree = "<group>"; };
		E0B48B09272556D400F657DA /* AlertCoordinator.swift */ = {isa = PBXFileReference; lastKnownFileType = sourcecode.swift; path = AlertCoordinator.swift; sourceTree = "<group>"; };
		E0D4F8062753C1FA00BDF1FE /* HelloInformationController.swift */ = {isa = PBXFileReference; lastKnownFileType = sourcecode.swift; path = HelloInformationController.swift; sourceTree = "<group>"; };
		E0D715B42723FE2500AEA0FC /* AppPublisher + AppEvents.swift */ = {isa = PBXFileReference; lastKnownFileType = sourcecode.swift; path = "AppPublisher + AppEvents.swift"; sourceTree = "<group>"; };
		E0F09345272C3D07000257FD /* SWCodeField.swift */ = {isa = PBXFileReference; lastKnownFileType = sourcecode.swift; path = SWCodeField.swift; sourceTree = "<group>"; };
		E0FD1534271DF5950014022B /* FunctionalTabBarController.swift */ = {isa = PBXFileReference; lastKnownFileType = sourcecode.swift; path = FunctionalTabBarController.swift; sourceTree = "<group>"; };
		E0FD1538271DFAB70014022B /* MoreController.swift */ = {isa = PBXFileReference; lastKnownFileType = sourcecode.swift; path = MoreController.swift; sourceTree = "<group>"; };
		F9021B40272F368D0077CA7C /* AppDelegateMock.swift */ = {isa = PBXFileReference; lastKnownFileType = sourcecode.swift; path = AppDelegateMock.swift; sourceTree = "<group>"; };
		F918FF95270A451500A74FBF /* AuthProvider.swift */ = {isa = PBXFileReference; lastKnownFileType = sourcecode.swift; path = AuthProvider.swift; sourceTree = "<group>"; };
		F9A14CF3274D21A7007E7180 /* HelloTextFieldController.swift */ = {isa = PBXFileReference; lastKnownFileType = sourcecode.swift; path = HelloTextFieldController.swift; sourceTree = "<group>"; };
		F9BE458A272C826B009BEA32 /* SWUserAuthProvider.swift */ = {isa = PBXFileReference; lastKnownFileType = sourcecode.swift; path = SWUserAuthProvider.swift; sourceTree = "<group>"; };
		F9BE458D272D530F009BEA32 /* Extension Coordinator.swift */ = {isa = PBXFileReference; lastKnownFileType = sourcecode.swift; path = "Extension Coordinator.swift"; sourceTree = "<group>"; };
		F9BE4590272DDACE009BEA32 /* README.md */ = {isa = PBXFileReference; fileEncoding = 4; lastKnownFileType = net.daringfireball.markdown; path = README.md; sourceTree = SOURCE_ROOT; };
		F9BE45A9272F2DD0009BEA32 /* UserMock.swift */ = {isa = PBXFileReference; lastKnownFileType = sourcecode.swift; path = UserMock.swift; sourceTree = "<group>"; };
		F9BE45AB272F2DFA009BEA32 /* AuthProviderMock.swift */ = {isa = PBXFileReference; lastKnownFileType = sourcecode.swift; path = AuthProviderMock.swift; sourceTree = "<group>"; };
		F9BE45B3272F2E5E009BEA32 /* AppDelegate.swift */ = {isa = PBXFileReference; lastKnownFileType = sourcecode.swift; path = AppDelegate.swift; sourceTree = "<group>"; };
		F9BE45B5272F2E5E009BEA32 /* SceneDelegate.swift */ = {isa = PBXFileReference; lastKnownFileType = sourcecode.swift; path = SceneDelegate.swift; sourceTree = "<group>"; };
		F9BE45B7272F2E5E009BEA32 /* ViewController.swift */ = {isa = PBXFileReference; lastKnownFileType = sourcecode.swift; path = ViewController.swift; sourceTree = "<group>"; };
		F9BE45BA272F2E5E009BEA32 /* Base */ = {isa = PBXFileReference; lastKnownFileType = file.storyboard; name = Base; path = Base.lproj/Main.storyboard; sourceTree = "<group>"; };
		F9BE45BC272F2E60009BEA32 /* Assets.xcassets */ = {isa = PBXFileReference; lastKnownFileType = folder.assetcatalog; path = Assets.xcassets; sourceTree = "<group>"; };
		F9BE45BF272F2E60009BEA32 /* Base */ = {isa = PBXFileReference; lastKnownFileType = file.storyboard; name = Base; path = Base.lproj/LaunchScreen.storyboard; sourceTree = "<group>"; };
		F9BE45C1272F2E60009BEA32 /* Info.plist */ = {isa = PBXFileReference; lastKnownFileType = text.plist.xml; path = Info.plist; sourceTree = "<group>"; };
		F9BE4618272F319B009BEA32 /* SwinjectAssembliesMock.swift */ = {isa = PBXFileReference; lastKnownFileType = sourcecode.swift; path = SwinjectAssembliesMock.swift; sourceTree = "<group>"; };
/* End PBXFileReference section */

/* Begin PBXFrameworksBuildPhase section */
		E04DCCF126F8F109003B4F8E /* Frameworks */ = {
			isa = PBXFrameworksBuildPhase;
			buildActionMask = 2147483647;
			files = (
				F9C10470274303F500451B88 /* SwiftCoordinatorsKit in Frameworks */,
				E04DCD4026F90058003B4F8E /* FirebaseFirestoreSwift-Beta in Frameworks */,
				E06AB6A0270238CB008D1BEA /* SnapKit in Frameworks */,
				E04DCD4626F90058003B4F8E /* FirebaseAuth in Frameworks */,
				E0B42F542700B681003C9C7B /* Swinject in Frameworks */,
				E04DCD4226F90058003B4F8E /* FirebaseStorageSwift-Beta in Frameworks */,
				E04DCD4426F90058003B4F8E /* FirebaseStorage in Frameworks */,
				E04DCD3E26F90058003B4F8E /* FirebaseFirestore in Frameworks */,
			);
			runOnlyForDeploymentPostprocessing = 0;
		};
		E04DCD0726F8F10A003B4F8E /* Frameworks */ = {
			isa = PBXFrameworksBuildPhase;
			buildActionMask = 2147483647;
			files = (
			);
			runOnlyForDeploymentPostprocessing = 0;
		};
		E04DCD1226F8F10A003B4F8E /* Frameworks */ = {
			isa = PBXFrameworksBuildPhase;
			buildActionMask = 2147483647;
			files = (
			);
			runOnlyForDeploymentPostprocessing = 0;
		};
/* End PBXFrameworksBuildPhase section */

/* Begin PBXGroup section */
		E0128BF0273A96E300B5283C /* Logger */ = {
			isa = PBXGroup;
			children = (
				E0128BEE273A94E900B5283C /* Logger.swift */,
				E0128BF1273A96F800B5283C /* Loggable.swift */,
				E0128BF3273A970C00B5283C /* LoggerMessages.swift */,
			);
			path = Logger;
			sourceTree = "<group>";
		};
		E04DCCEB26F8F109003B4F8E = {
			isa = PBXGroup;
			children = (
				F9BE4590272DDACE009BEA32 /* README.md */,
				E0F09343272C3CE9000257FD /* Dependencies */,
				F9BE45A8272F2DA7009BEA32 /* Mocks */,
				E04DCCF626F8F109003B4F8E /* Swyzzy */,
				E04DCD0D26F8F10A003B4F8E /* SwyzzyTests */,
				E04DCD1826F8F10A003B4F8E /* SwyzzyUITests */,
				F9BE45B2272F2E5E009BEA32 /* SwyzzyMock */,
				E04DCCF526F8F109003B4F8E /* Products */,
			);
			sourceTree = "<group>";
		};
		E04DCCF526F8F109003B4F8E /* Products */ = {
			isa = PBXGroup;
			children = (
				E04DCCF426F8F109003B4F8E /* Swyzzy.app */,
				E04DCD0A26F8F10A003B4F8E /* SwyzzyTests.xctest */,
				E04DCD1526F8F10A003B4F8E /* SwyzzyUITests.xctest */,
			);
			name = Products;
			sourceTree = "<group>";
		};
		E04DCCF626F8F109003B4F8E /* Swyzzy */ = {
			isa = PBXGroup;
			children = (
				E03E643D270635EA0095BC0E /* Swyzzy.entitlements */,
				E06E67B32718BAEC00CB1995 /* Errors */,
				E04DCD2D26F8F65B003B4F8E /* Application */,
				E06AB6AF2702516C008D1BEA /* Helpers */,
				E06AB6A9270250DC008D1BEA /* Localization */,
				E06AB69B270237A6008D1BEA /* View */,
				E0128BF0273A96E300B5283C /* Logger */,
				E0B42F462700B310003C9C7B /* Model */,
				E04DCD2A26F8F5F5003B4F8E /* Coordinators */,
				E04DCD2E26F8F694003B4F8E /* Controllers */,
				E04DCD0026F8F10A003B4F8E /* Assets.xcassets */,
				E06AB6A127023AFA008D1BEA /* Colors.xcassets */,
				E06AB6A327023EC3008D1BEA /* Flags.xcassets */,
				E04DCD0226F8F10A003B4F8E /* LaunchScreen.storyboard */,
				E04DCD0526F8F10A003B4F8E /* Info.plist */,
				E04DCD3A26F8FFA8003B4F8E /* GoogleService-Info.plist */,
				E0B42F492700B3D9003C9C7B /* CountriesPhones.plist */,
			);
			path = Swyzzy;
			sourceTree = "<group>";
		};
		E04DCD0D26F8F10A003B4F8E /* SwyzzyTests */ = {
			isa = PBXGroup;
			children = (
				E04DCD0E26F8F10A003B4F8E /* SwyzzyTests.swift */,
				E04DCD1026F8F10A003B4F8E /* Info.plist */,
			);
			path = SwyzzyTests;
			sourceTree = "<group>";
		};
		E04DCD1826F8F10A003B4F8E /* SwyzzyUITests */ = {
			isa = PBXGroup;
			children = (
				E04DCD1926F8F10A003B4F8E /* SwyzzyUITests.swift */,
				E04DCD1B26F8F10A003B4F8E /* Info.plist */,
			);
			path = SwyzzyUITests;
			sourceTree = "<group>";
		};
		E04DCD2A26F8F5F5003B4F8E /* Coordinators */ = {
			isa = PBXGroup;
			children = (
				E06AB6B42704E44A008D1BEA /* Signals */,
				E04DCD2B26F8F60A003B4F8E /* InitializationCoordinator.swift */,
				E04DCD3626F8FC19003B4F8E /* MainFlowCoordinator.swift */,
				E0B42F442700B2B2003C9C7B /* InternationalizationCoordinator.swift */,
				E0B42F4D2700B42B003C9C7B /* FunctionalCoordinator.swift */,
				E08289992712EC190060E4A8 /* AuthCoordinator.swift */,
				E0B48B042725520000F657DA /* HelloCoordinator.swift */,
				E0B48B09272556D400F657DA /* AlertCoordinator.swift */,
				F9BE458D272D530F009BEA32 /* Extension Coordinator.swift */,
			);
			path = Coordinators;
			sourceTree = "<group>";
		};
		E04DCD2D26F8F65B003B4F8E /* Application */ = {
			isa = PBXGroup;
			children = (
				E04DCCF726F8F109003B4F8E /* AppDelegate.swift */,
				E04DCCF926F8F109003B4F8E /* SceneDelegate.swift */,
			);
			path = Application;
			sourceTree = "<group>";
		};
		E04DCD2E26F8F694003B4F8E /* Controllers */ = {
			isa = PBXGroup;
			children = (
				E04DCD2F26F8F6A7003B4F8E /* InitializationController.swift */,
				E0B48B062725525E00F657DA /* Hello */,
				E06E67B22718B8C300CB1995 /* PhoneAuth */,
				E0FD1537271DFA730014022B /* Functional */,
			);
			path = Controllers;
			sourceTree = "<group>";
		};
		E04DCD4926F9044A003B4F8E /* Fonts */ = {
			isa = PBXGroup;
			children = (
				E0B42F552700B80D003C9C7B /* TitanOne-Regular.ttf */,
			);
			path = Fonts;
			sourceTree = "<group>";
		};
		E06AB69B270237A6008D1BEA /* View */ = {
			isa = PBXGroup;
			children = (
				E06AB6992702379F008D1BEA /* PhoneCodeView.swift */,
				E06AB6A527024008008D1BEA /* SWTextField.swift */,
				E06AB6A727024711008D1BEA /* SWButton.swift */,
				E04DCD4926F9044A003B4F8E /* Fonts */,
			);
			path = View;
			sourceTree = "<group>";
		};
		E06AB6A9270250DC008D1BEA /* Localization */ = {
			isa = PBXGroup;
			children = (
				E06AB6AE27025108008D1BEA /* Localizable.strings */,
				E06AB6B2270251F7008D1BEA /* StringsEnum.swift */,
			);
			path = Localization;
			sourceTree = "<group>";
		};
		E06AB6AF2702516C008D1BEA /* Helpers */ = {
			isa = PBXGroup;
			children = (
				E06AB6B02702517B008D1BEA /* StringExtension.swift */,
				E07022662755620000E86A8B /* InjectedPropertyWrapper.swift */,
			);
			path = Helpers;
			sourceTree = "<group>";
		};
		E06AB6B42704E44A008D1BEA /* Signals */ = {
			isa = PBXGroup;
			children = (
				E06AB6B52704E45A008D1BEA /* InternationalizationSignal.swift */,
			);
			path = Signals;
			sourceTree = "<group>";
		};
		E06E67B22718B8C300CB1995 /* PhoneAuth */ = {
			isa = PBXGroup;
			children = (
				E06AB69C27023856008D1BEA /* AuthController.swift */,
				E06AB6B92704F3D5008D1BEA /* CountriesController.swift */,
				E03E643E27064BAA0095BC0E /* PhoneCodeController.swift */,
			);
			path = PhoneAuth;
			sourceTree = "<group>";
		};
		E06E67B32718BAEC00CB1995 /* Errors */ = {
			isa = PBXGroup;
			children = (
				E06E67B42718BAFA00CB1995 /* AuthError.swift */,
				E0128BEC273A857200B5283C /* StorageError.swift */,
			);
			path = Errors;
			sourceTree = "<group>";
		};
		E0B42F462700B310003C9C7B /* Model */ = {
			isa = PBXGroup;
			children = (
				E0B42F472700B323003C9C7B /* SWUser.swift */,
				F9BE458A272C826B009BEA32 /* SWUserAuthProvider.swift */,
				F918FF95270A451500A74FBF /* AuthProvider.swift */,
				E0128BEA273A80C200B5283C /* SWStorageProvider.swift */,
				E008C4D12700BCE50093B5FD /* SwinjectAssemblies.swift */,
				E06AB6B72704E558008D1BEA /* Country.swift */,
				E0D715B42723FE2500AEA0FC /* AppPublisher + AppEvents.swift */,
			);
			path = Model;
			sourceTree = "<group>";
		};
		E0B48B062725525E00F657DA /* Hello */ = {
			isa = PBXGroup;
			children = (
				E0B48B072725526D00F657DA /* HelloControllerContainer.swift */,
				F9A14CF3274D21A7007E7180 /* HelloTextFieldController.swift */,
				E0D4F8062753C1FA00BDF1FE /* HelloInformationController.swift */,
			);
			path = Hello;
			sourceTree = "<group>";
		};
		E0F09343272C3CE9000257FD /* Dependencies */ = {
			isa = PBXGroup;
			children = (
				E0F09344272C3CF4000257FD /* SWCodeField */,
			);
			path = Dependencies;
			sourceTree = "<group>";
		};
		E0F09344272C3CF4000257FD /* SWCodeField */ = {
			isa = PBXGroup;
			children = (
				E0F09345272C3D07000257FD /* SWCodeField.swift */,
			);
			path = SWCodeField;
			sourceTree = "<group>";
		};
		E0FD1537271DFA730014022B /* Functional */ = {
			isa = PBXGroup;
			children = (
				E0FD1534271DF5950014022B /* FunctionalTabBarController.swift */,
				E0FD1538271DFAB70014022B /* MoreController.swift */,
			);
			path = Functional;
			sourceTree = "<group>";
		};
		F9BE45A8272F2DA7009BEA32 /* Mocks */ = {
			isa = PBXGroup;
			children = (
				F9BE45A9272F2DD0009BEA32 /* UserMock.swift */,
				F9BE45AB272F2DFA009BEA32 /* AuthProviderMock.swift */,
				F9BE4618272F319B009BEA32 /* SwinjectAssembliesMock.swift */,
				F9021B40272F368D0077CA7C /* AppDelegateMock.swift */,
			);
			path = Mocks;
			sourceTree = "<group>";
		};
		F9BE45B2272F2E5E009BEA32 /* SwyzzyMock */ = {
			isa = PBXGroup;
			children = (
				F9BE45B3272F2E5E009BEA32 /* AppDelegate.swift */,
				F9BE45B5272F2E5E009BEA32 /* SceneDelegate.swift */,
				F9BE45B7272F2E5E009BEA32 /* ViewController.swift */,
				F9BE45B9272F2E5E009BEA32 /* Main.storyboard */,
				F9BE45BC272F2E60009BEA32 /* Assets.xcassets */,
				F9BE45BE272F2E60009BEA32 /* LaunchScreen.storyboard */,
				F9BE45C1272F2E60009BEA32 /* Info.plist */,
			);
			path = SwyzzyMock;
			sourceTree = "<group>";
		};
/* End PBXGroup section */

/* Begin PBXNativeTarget section */
		E04DCCF326F8F109003B4F8E /* Swyzzy */ = {
			isa = PBXNativeTarget;
			buildConfigurationList = E04DCD1E26F8F10A003B4F8E /* Build configuration list for PBXNativeTarget "Swyzzy" */;
			buildPhases = (
				E04DCCF026F8F109003B4F8E /* Sources */,
				E04DCCF126F8F109003B4F8E /* Frameworks */,
				E04DCCF226F8F109003B4F8E /* Resources */,
			);
			buildRules = (
			);
			dependencies = (
			);
			name = Swyzzy;
			packageProductDependencies = (
				E04DCD3D26F90058003B4F8E /* FirebaseFirestore */,
				E04DCD3F26F90058003B4F8E /* FirebaseFirestoreSwift-Beta */,
				E04DCD4126F90058003B4F8E /* FirebaseStorageSwift-Beta */,
				E04DCD4326F90058003B4F8E /* FirebaseStorage */,
				E04DCD4526F90058003B4F8E /* FirebaseAuth */,
				E0B42F532700B681003C9C7B /* Swinject */,
				E06AB69F270238CB008D1BEA /* SnapKit */,
				F9C1046F274303F500451B88 /* SwiftCoordinatorsKit */,
			);
			productName = Swyzzy;
			productReference = E04DCCF426F8F109003B4F8E /* Swyzzy.app */;
			productType = "com.apple.product-type.application";
		};
		E04DCD0926F8F10A003B4F8E /* SwyzzyTests */ = {
			isa = PBXNativeTarget;
			buildConfigurationList = E04DCD2126F8F10A003B4F8E /* Build configuration list for PBXNativeTarget "SwyzzyTests" */;
			buildPhases = (
				E04DCD0626F8F10A003B4F8E /* Sources */,
				E04DCD0726F8F10A003B4F8E /* Frameworks */,
				E04DCD0826F8F10A003B4F8E /* Resources */,
			);
			buildRules = (
			);
			dependencies = (
				E04DCD0C26F8F10A003B4F8E /* PBXTargetDependency */,
			);
			name = SwyzzyTests;
			productName = SwyzzyTests;
			productReference = E04DCD0A26F8F10A003B4F8E /* SwyzzyTests.xctest */;
			productType = "com.apple.product-type.bundle.unit-test";
		};
		E04DCD1426F8F10A003B4F8E /* SwyzzyUITests */ = {
			isa = PBXNativeTarget;
			buildConfigurationList = E04DCD2426F8F10A003B4F8E /* Build configuration list for PBXNativeTarget "SwyzzyUITests" */;
			buildPhases = (
				E04DCD1126F8F10A003B4F8E /* Sources */,
				E04DCD1226F8F10A003B4F8E /* Frameworks */,
				E04DCD1326F8F10A003B4F8E /* Resources */,
			);
			buildRules = (
			);
			dependencies = (
				E04DCD1726F8F10A003B4F8E /* PBXTargetDependency */,
			);
			name = SwyzzyUITests;
			productName = SwyzzyUITests;
			productReference = E04DCD1526F8F10A003B4F8E /* SwyzzyUITests.xctest */;
			productType = "com.apple.product-type.bundle.ui-testing";
		};
/* End PBXNativeTarget section */

/* Begin PBXProject section */
		E04DCCEC26F8F109003B4F8E /* Project object */ = {
			isa = PBXProject;
			attributes = {
				LastSwiftUpdateCheck = 1320;
				LastUpgradeCheck = 1250;
				TargetAttributes = {
					E04DCCF326F8F109003B4F8E = {
						CreatedOnToolsVersion = 12.5.1;
					};
					E04DCD0926F8F10A003B4F8E = {
						CreatedOnToolsVersion = 12.5.1;
						TestTargetID = E04DCCF326F8F109003B4F8E;
					};
					E04DCD1426F8F10A003B4F8E = {
						CreatedOnToolsVersion = 12.5.1;
						TestTargetID = E04DCCF326F8F109003B4F8E;
					};
				};
			};
			buildConfigurationList = E04DCCEF26F8F109003B4F8E /* Build configuration list for PBXProject "Swyzzy" */;
			compatibilityVersion = "Xcode 9.3";
			developmentRegion = en;
			hasScannedForEncodings = 0;
			knownRegions = (
				en,
				Base,
			);
			mainGroup = E04DCCEB26F8F109003B4F8E;
			packageReferences = (
				E04DCD3C26F90058003B4F8E /* XCRemoteSwiftPackageReference "firebase-ios-sdk" */,
				E0B42F522700B681003C9C7B /* XCRemoteSwiftPackageReference "Swinject" */,
				E06AB69E270238CB008D1BEA /* XCRemoteSwiftPackageReference "SnapKit" */,
				F9C1046E274303F400451B88 /* XCRemoteSwiftPackageReference "SwiftCoordinatorsKit" */,
			);
			productRefGroup = E04DCCF526F8F109003B4F8E /* Products */;
			projectDirPath = "";
			projectRoot = "";
			targets = (
				E04DCCF326F8F109003B4F8E /* Swyzzy */,
				E04DCD0926F8F10A003B4F8E /* SwyzzyTests */,
				E04DCD1426F8F10A003B4F8E /* SwyzzyUITests */,
			);
		};
/* End PBXProject section */

/* Begin PBXResourcesBuildPhase section */
		E04DCCF226F8F109003B4F8E /* Resources */ = {
			isa = PBXResourcesBuildPhase;
			buildActionMask = 2147483647;
			files = (
				E0C704F72700B8FC00E72437 /* TitanOne-Regular.ttf in Resources */,
				E04DCD0426F8F10A003B4F8E /* LaunchScreen.storyboard in Resources */,
				E04DCD3B26F8FFA8003B4F8E /* GoogleService-Info.plist in Resources */,
				E06AB6A227023AFA008D1BEA /* Colors.xcassets in Resources */,
				E0B42F4A2700B3D9003C9C7B /* CountriesPhones.plist in Resources */,
				E06AB6AC27025108008D1BEA /* Localizable.strings in Resources */,
				F9BE4591272DDACE009BEA32 /* README.md in Resources */,
				E04DCD0126F8F10A003B4F8E /* Assets.xcassets in Resources */,
				E06AB6A427023EC3008D1BEA /* Flags.xcassets in Resources */,
			);
			runOnlyForDeploymentPostprocessing = 0;
		};
		E04DCD0826F8F10A003B4F8E /* Resources */ = {
			isa = PBXResourcesBuildPhase;
			buildActionMask = 2147483647;
			files = (
			);
			runOnlyForDeploymentPostprocessing = 0;
		};
		E04DCD1326F8F10A003B4F8E /* Resources */ = {
			isa = PBXResourcesBuildPhase;
			buildActionMask = 2147483647;
			files = (
			);
			runOnlyForDeploymentPostprocessing = 0;
		};
/* End PBXResourcesBuildPhase section */

/* Begin PBXSourcesBuildPhase section */
		E04DCCF026F8F109003B4F8E /* Sources */ = {
			isa = PBXSourcesBuildPhase;
			buildActionMask = 2147483647;
			files = (
				E008C4D22700BCE50093B5FD /* SwinjectAssemblies.swift in Sources */,
				E0F09346272C3D07000257FD /* SWCodeField.swift in Sources */,
				E0128BF4273A970C00B5283C /* LoggerMessages.swift in Sources */,
				E06AB6A827024711008D1BEA /* SWButton.swift in Sources */,
				E0B48B0A272556D400F657DA /* AlertCoordinator.swift in Sources */,
				F918FF96270A451500A74FBF /* AuthProvider.swift in Sources */,
				E0FD1535271DF5950014022B /* FunctionalTabBarController.swift in Sources */,
				E06AB6B12702517B008D1BEA /* StringExtension.swift in Sources */,
				E082899A2712EC190060E4A8 /* AuthCoordinator.swift in Sources */,
				E06AB69D27023856008D1BEA /* AuthController.swift in Sources */,
				E0B48B082725526D00F657DA /* HelloControllerContainer.swift in Sources */,
				E06E67B52718BAFA00CB1995 /* AuthError.swift in Sources */,
				F9A14CF4274D21A7007E7180 /* HelloTextFieldController.swift in Sources */,
				E04DCCF826F8F109003B4F8E /* AppDelegate.swift in Sources */,
				E0FD1539271DFAB70014022B /* MoreController.swift in Sources */,
				E0128BEF273A94E900B5283C /* Logger.swift in Sources */,
				E04DCD3026F8F6A7003B4F8E /* InitializationController.swift in Sources */,
				E07022672755620000E86A8B /* InjectedPropertyWrapper.swift in Sources */,
				E06AB6BA2704F3D5008D1BEA /* CountriesController.swift in Sources */,
				E0B42F4E2700B42B003C9C7B /* FunctionalCoordinator.swift in Sources */,
				E0B42F452700B2B2003C9C7B /* InternationalizationCoordinator.swift in Sources */,
				F9BE458B272C826C009BEA32 /* SWUserAuthProvider.swift in Sources */,
				E0128BED273A857200B5283C /* StorageError.swift in Sources */,
				E0D715B52723FE2500AEA0FC /* AppPublisher + AppEvents.swift in Sources */,
				E0B42F482700B323003C9C7B /* SWUser.swift in Sources */,
				E0B48B052725520000F657DA /* HelloCoordinator.swift in Sources */,
				E06AB6B82704E558008D1BEA /* Country.swift in Sources */,
				E0128BF2273A96F800B5283C /* Loggable.swift in Sources */,
				E06AB6A627024008008D1BEA /* SWTextField.swift in Sources */,
				E03E643F27064BAA0095BC0E /* PhoneCodeController.swift in Sources */,
				E0128BEB273A80C200B5283C /* SWStorageProvider.swift in Sources */,
				E06AB6B3270251F7008D1BEA /* StringsEnum.swift in Sources */,
				E04DCD2C26F8F60A003B4F8E /* InitializationCoordinator.swift in Sources */,
				F9BE458E272D530F009BEA32 /* Extension Coordinator.swift in Sources */,
				E04DCCFA26F8F109003B4F8E /* SceneDelegate.swift in Sources */,
				E04DCD3726F8FC19003B4F8E /* MainFlowCoordinator.swift in Sources */,
				E0D4F8072753C1FA00BDF1FE /* HelloInformationController.swift in Sources */,
				E06AB69A2702379F008D1BEA /* PhoneCodeView.swift in Sources */,
				E06AB6B62704E45A008D1BEA /* InternationalizationSignal.swift in Sources */,
			);
			runOnlyForDeploymentPostprocessing = 0;
		};
		E04DCD0626F8F10A003B4F8E /* Sources */ = {
			isa = PBXSourcesBuildPhase;
			buildActionMask = 2147483647;
			files = (
				E04DCD0F26F8F10A003B4F8E /* SwyzzyTests.swift in Sources */,
			);
			runOnlyForDeploymentPostprocessing = 0;
		};
		E04DCD1126F8F10A003B4F8E /* Sources */ = {
			isa = PBXSourcesBuildPhase;
			buildActionMask = 2147483647;
			files = (
				E04DCD1A26F8F10A003B4F8E /* SwyzzyUITests.swift in Sources */,
			);
			runOnlyForDeploymentPostprocessing = 0;
		};
/* End PBXSourcesBuildPhase section */

/* Begin PBXTargetDependency section */
		E04DCD0C26F8F10A003B4F8E /* PBXTargetDependency */ = {
			isa = PBXTargetDependency;
			target = E04DCCF326F8F109003B4F8E /* Swyzzy */;
			targetProxy = E04DCD0B26F8F10A003B4F8E /* PBXContainerItemProxy */;
		};
		E04DCD1726F8F10A003B4F8E /* PBXTargetDependency */ = {
			isa = PBXTargetDependency;
			target = E04DCCF326F8F109003B4F8E /* Swyzzy */;
			targetProxy = E04DCD1626F8F10A003B4F8E /* PBXContainerItemProxy */;
		};
/* End PBXTargetDependency section */

/* Begin PBXVariantGroup section */
		E04DCD0226F8F10A003B4F8E /* LaunchScreen.storyboard */ = {
			isa = PBXVariantGroup;
			children = (
				E04DCD0326F8F10A003B4F8E /* Base */,
			);
			name = LaunchScreen.storyboard;
			sourceTree = "<group>";
		};
		E06AB6AE27025108008D1BEA /* Localizable.strings */ = {
			isa = PBXVariantGroup;
			children = (
				E06AB6AD27025108008D1BEA /* en */,
			);
			name = Localizable.strings;
			sourceTree = "<group>";
		};
		F9BE45B9272F2E5E009BEA32 /* Main.storyboard */ = {
			isa = PBXVariantGroup;
			children = (
				F9BE45BA272F2E5E009BEA32 /* Base */,
			);
			name = Main.storyboard;
			sourceTree = "<group>";
		};
		F9BE45BE272F2E60009BEA32 /* LaunchScreen.storyboard */ = {
			isa = PBXVariantGroup;
			children = (
				F9BE45BF272F2E60009BEA32 /* Base */,
			);
			name = LaunchScreen.storyboard;
			sourceTree = "<group>";
		};
/* End PBXVariantGroup section */

/* Begin XCBuildConfiguration section */
		E04DCD1C26F8F10A003B4F8E /* Debug */ = {
			isa = XCBuildConfiguration;
			buildSettings = {
				ALWAYS_SEARCH_USER_PATHS = NO;
				CLANG_ANALYZER_NONNULL = YES;
				CLANG_ANALYZER_NUMBER_OBJECT_CONVERSION = YES_AGGRESSIVE;
				CLANG_CXX_LANGUAGE_STANDARD = "gnu++14";
				CLANG_CXX_LIBRARY = "libc++";
				CLANG_ENABLE_MODULES = YES;
				CLANG_ENABLE_OBJC_ARC = YES;
				CLANG_ENABLE_OBJC_WEAK = YES;
				CLANG_WARN_BLOCK_CAPTURE_AUTORELEASING = YES;
				CLANG_WARN_BOOL_CONVERSION = YES;
				CLANG_WARN_COMMA = YES;
				CLANG_WARN_CONSTANT_CONVERSION = YES;
				CLANG_WARN_DEPRECATED_OBJC_IMPLEMENTATIONS = YES;
				CLANG_WARN_DIRECT_OBJC_ISA_USAGE = YES_ERROR;
				CLANG_WARN_DOCUMENTATION_COMMENTS = YES;
				CLANG_WARN_EMPTY_BODY = YES;
				CLANG_WARN_ENUM_CONVERSION = YES;
				CLANG_WARN_INFINITE_RECURSION = YES;
				CLANG_WARN_INT_CONVERSION = YES;
				CLANG_WARN_NON_LITERAL_NULL_CONVERSION = YES;
				CLANG_WARN_OBJC_IMPLICIT_RETAIN_SELF = YES;
				CLANG_WARN_OBJC_LITERAL_CONVERSION = YES;
				CLANG_WARN_OBJC_ROOT_CLASS = YES_ERROR;
				CLANG_WARN_QUOTED_INCLUDE_IN_FRAMEWORK_HEADER = YES;
				CLANG_WARN_RANGE_LOOP_ANALYSIS = YES;
				CLANG_WARN_STRICT_PROTOTYPES = YES;
				CLANG_WARN_SUSPICIOUS_MOVE = YES;
				CLANG_WARN_UNGUARDED_AVAILABILITY = YES_AGGRESSIVE;
				CLANG_WARN_UNREACHABLE_CODE = YES;
				CLANG_WARN__DUPLICATE_METHOD_MATCH = YES;
				COPY_PHASE_STRIP = NO;
				DEBUG_INFORMATION_FORMAT = dwarf;
				ENABLE_STRICT_OBJC_MSGSEND = YES;
				ENABLE_TESTABILITY = YES;
				GCC_C_LANGUAGE_STANDARD = gnu11;
				GCC_DYNAMIC_NO_PIC = NO;
				GCC_NO_COMMON_BLOCKS = YES;
				GCC_OPTIMIZATION_LEVEL = 0;
				GCC_PREPROCESSOR_DEFINITIONS = (
					"DEBUG=1",
					"$(inherited)",
				);
				GCC_WARN_64_TO_32_BIT_CONVERSION = YES;
				GCC_WARN_ABOUT_RETURN_TYPE = YES_ERROR;
				GCC_WARN_UNDECLARED_SELECTOR = YES;
				GCC_WARN_UNINITIALIZED_AUTOS = YES_AGGRESSIVE;
				GCC_WARN_UNUSED_FUNCTION = YES;
				GCC_WARN_UNUSED_VARIABLE = YES;
				IPHONEOS_DEPLOYMENT_TARGET = 15.0;
				MTL_ENABLE_DEBUG_INFO = INCLUDE_SOURCE;
				MTL_FAST_MATH = YES;
				ONLY_ACTIVE_ARCH = YES;
				SDKROOT = iphoneos;
				SWIFT_ACTIVE_COMPILATION_CONDITIONS = DEBUG;
				SWIFT_OPTIMIZATION_LEVEL = "-Onone";
			};
			name = Debug;
		};
		E04DCD1D26F8F10A003B4F8E /* Release */ = {
			isa = XCBuildConfiguration;
			buildSettings = {
				ALWAYS_SEARCH_USER_PATHS = NO;
				CLANG_ANALYZER_NONNULL = YES;
				CLANG_ANALYZER_NUMBER_OBJECT_CONVERSION = YES_AGGRESSIVE;
				CLANG_CXX_LANGUAGE_STANDARD = "gnu++14";
				CLANG_CXX_LIBRARY = "libc++";
				CLANG_ENABLE_MODULES = YES;
				CLANG_ENABLE_OBJC_ARC = YES;
				CLANG_ENABLE_OBJC_WEAK = YES;
				CLANG_WARN_BLOCK_CAPTURE_AUTORELEASING = YES;
				CLANG_WARN_BOOL_CONVERSION = YES;
				CLANG_WARN_COMMA = YES;
				CLANG_WARN_CONSTANT_CONVERSION = YES;
				CLANG_WARN_DEPRECATED_OBJC_IMPLEMENTATIONS = YES;
				CLANG_WARN_DIRECT_OBJC_ISA_USAGE = YES_ERROR;
				CLANG_WARN_DOCUMENTATION_COMMENTS = YES;
				CLANG_WARN_EMPTY_BODY = YES;
				CLANG_WARN_ENUM_CONVERSION = YES;
				CLANG_WARN_INFINITE_RECURSION = YES;
				CLANG_WARN_INT_CONVERSION = YES;
				CLANG_WARN_NON_LITERAL_NULL_CONVERSION = YES;
				CLANG_WARN_OBJC_IMPLICIT_RETAIN_SELF = YES;
				CLANG_WARN_OBJC_LITERAL_CONVERSION = YES;
				CLANG_WARN_OBJC_ROOT_CLASS = YES_ERROR;
				CLANG_WARN_QUOTED_INCLUDE_IN_FRAMEWORK_HEADER = YES;
				CLANG_WARN_RANGE_LOOP_ANALYSIS = YES;
				CLANG_WARN_STRICT_PROTOTYPES = YES;
				CLANG_WARN_SUSPICIOUS_MOVE = YES;
				CLANG_WARN_UNGUARDED_AVAILABILITY = YES_AGGRESSIVE;
				CLANG_WARN_UNREACHABLE_CODE = YES;
				CLANG_WARN__DUPLICATE_METHOD_MATCH = YES;
				COPY_PHASE_STRIP = NO;
				DEBUG_INFORMATION_FORMAT = "dwarf-with-dsym";
				ENABLE_NS_ASSERTIONS = NO;
				ENABLE_STRICT_OBJC_MSGSEND = YES;
				GCC_C_LANGUAGE_STANDARD = gnu11;
				GCC_NO_COMMON_BLOCKS = YES;
				GCC_WARN_64_TO_32_BIT_CONVERSION = YES;
				GCC_WARN_ABOUT_RETURN_TYPE = YES_ERROR;
				GCC_WARN_UNDECLARED_SELECTOR = YES;
				GCC_WARN_UNINITIALIZED_AUTOS = YES_AGGRESSIVE;
				GCC_WARN_UNUSED_FUNCTION = YES;
				GCC_WARN_UNUSED_VARIABLE = YES;
				IPHONEOS_DEPLOYMENT_TARGET = 15.0;
				MTL_ENABLE_DEBUG_INFO = NO;
				MTL_FAST_MATH = YES;
				SDKROOT = iphoneos;
				SWIFT_COMPILATION_MODE = wholemodule;
				SWIFT_OPTIMIZATION_LEVEL = "-O";
				VALIDATE_PRODUCT = YES;
			};
			name = Release;
		};
		E04DCD1F26F8F10A003B4F8E /* Debug */ = {
			isa = XCBuildConfiguration;
			buildSettings = {
				ASSETCATALOG_COMPILER_APPICON_NAME = AppIcon;
				ASSETCATALOG_COMPILER_GLOBAL_ACCENT_COLOR_NAME = AccentColor;
				CODE_SIGN_ENTITLEMENTS = Swyzzy/Swyzzy.entitlements;
				CODE_SIGN_STYLE = Automatic;
				DEVELOPMENT_TEAM = 34E923QGF6;
				INFOPLIST_FILE = Swyzzy/Info.plist;
				IPHONEOS_DEPLOYMENT_TARGET = 15.0;
				LD_RUNPATH_SEARCH_PATHS = (
					"$(inherited)",
					"@executable_path/Frameworks",
				);
				MARKETING_VERSION = 0.1;
				PRODUCT_BUNDLE_IDENTIFIER = ru.swiftme.Swyzzy;
				PRODUCT_NAME = "$(TARGET_NAME)";
				SWIFT_VERSION = 5.0;
				TARGETED_DEVICE_FAMILY = 1;
			};
			name = Debug;
		};
		E04DCD2026F8F10A003B4F8E /* Release */ = {
			isa = XCBuildConfiguration;
			buildSettings = {
				ASSETCATALOG_COMPILER_APPICON_NAME = AppIcon;
				ASSETCATALOG_COMPILER_GLOBAL_ACCENT_COLOR_NAME = AccentColor;
				CODE_SIGN_ENTITLEMENTS = Swyzzy/Swyzzy.entitlements;
				CODE_SIGN_STYLE = Automatic;
				DEVELOPMENT_TEAM = 34E923QGF6;
				INFOPLIST_FILE = Swyzzy/Info.plist;
				IPHONEOS_DEPLOYMENT_TARGET = 15.0;
				LD_RUNPATH_SEARCH_PATHS = (
					"$(inherited)",
					"@executable_path/Frameworks",
				);
				MARKETING_VERSION = 0.1;
				PRODUCT_BUNDLE_IDENTIFIER = ru.swiftme.Swyzzy;
				PRODUCT_NAME = "$(TARGET_NAME)";
				SWIFT_VERSION = 5.0;
				TARGETED_DEVICE_FAMILY = 1;
			};
			name = Release;
		};
		E04DCD2226F8F10A003B4F8E /* Debug */ = {
			isa = XCBuildConfiguration;
			buildSettings = {
				ALWAYS_EMBED_SWIFT_STANDARD_LIBRARIES = YES;
				BUNDLE_LOADER = "$(TEST_HOST)";
				CODE_SIGN_STYLE = Automatic;
				DEVELOPMENT_TEAM = 34E923QGF6;
				INFOPLIST_FILE = SwyzzyTests/Info.plist;
				IPHONEOS_DEPLOYMENT_TARGET = 15.0;
				LD_RUNPATH_SEARCH_PATHS = (
					"$(inherited)",
					"@executable_path/Frameworks",
					"@loader_path/Frameworks",
				);
				PRODUCT_BUNDLE_IDENTIFIER = ru.swiftme.SwyzzyTests;
				PRODUCT_NAME = "$(TARGET_NAME)";
				SWIFT_VERSION = 5.0;
				TARGETED_DEVICE_FAMILY = "1,2";
				TEST_HOST = "$(BUILT_PRODUCTS_DIR)/Swyzzy.app/Swyzzy";
			};
			name = Debug;
		};
		E04DCD2326F8F10A003B4F8E /* Release */ = {
			isa = XCBuildConfiguration;
			buildSettings = {
				ALWAYS_EMBED_SWIFT_STANDARD_LIBRARIES = YES;
				BUNDLE_LOADER = "$(TEST_HOST)";
				CODE_SIGN_STYLE = Automatic;
				DEVELOPMENT_TEAM = 34E923QGF6;
				INFOPLIST_FILE = SwyzzyTests/Info.plist;
				IPHONEOS_DEPLOYMENT_TARGET = 15.0;
				LD_RUNPATH_SEARCH_PATHS = (
					"$(inherited)",
					"@executable_path/Frameworks",
					"@loader_path/Frameworks",
				);
				PRODUCT_BUNDLE_IDENTIFIER = ru.swiftme.SwyzzyTests;
				PRODUCT_NAME = "$(TARGET_NAME)";
				SWIFT_VERSION = 5.0;
				TARGETED_DEVICE_FAMILY = "1,2";
				TEST_HOST = "$(BUILT_PRODUCTS_DIR)/Swyzzy.app/Swyzzy";
			};
			name = Release;
		};
		E04DCD2526F8F10A003B4F8E /* Debug */ = {
			isa = XCBuildConfiguration;
			buildSettings = {
				ALWAYS_EMBED_SWIFT_STANDARD_LIBRARIES = YES;
				CODE_SIGN_STYLE = Automatic;
				DEVELOPMENT_TEAM = 34E923QGF6;
				INFOPLIST_FILE = SwyzzyUITests/Info.plist;
				LD_RUNPATH_SEARCH_PATHS = (
					"$(inherited)",
					"@executable_path/Frameworks",
					"@loader_path/Frameworks",
				);
				PRODUCT_BUNDLE_IDENTIFIER = ru.swiftme.SwyzzyUITests;
				PRODUCT_NAME = "$(TARGET_NAME)";
				SWIFT_VERSION = 5.0;
				TARGETED_DEVICE_FAMILY = "1,2";
				TEST_TARGET_NAME = Swyzzy;
			};
			name = Debug;
		};
		E04DCD2626F8F10A003B4F8E /* Release */ = {
			isa = XCBuildConfiguration;
			buildSettings = {
				ALWAYS_EMBED_SWIFT_STANDARD_LIBRARIES = YES;
				CODE_SIGN_STYLE = Automatic;
				DEVELOPMENT_TEAM = 34E923QGF6;
				INFOPLIST_FILE = SwyzzyUITests/Info.plist;
				LD_RUNPATH_SEARCH_PATHS = (
					"$(inherited)",
					"@executable_path/Frameworks",
					"@loader_path/Frameworks",
				);
				PRODUCT_BUNDLE_IDENTIFIER = ru.swiftme.SwyzzyUITests;
				PRODUCT_NAME = "$(TARGET_NAME)";
				SWIFT_VERSION = 5.0;
				TARGETED_DEVICE_FAMILY = "1,2";
				TEST_TARGET_NAME = Swyzzy;
			};
			name = Release;
		};
/* End XCBuildConfiguration section */

/* Begin XCConfigurationList section */
		E04DCCEF26F8F109003B4F8E /* Build configuration list for PBXProject "Swyzzy" */ = {
			isa = XCConfigurationList;
			buildConfigurations = (
				E04DCD1C26F8F10A003B4F8E /* Debug */,
				E04DCD1D26F8F10A003B4F8E /* Release */,
			);
			defaultConfigurationIsVisible = 0;
			defaultConfigurationName = Release;
		};
		E04DCD1E26F8F10A003B4F8E /* Build configuration list for PBXNativeTarget "Swyzzy" */ = {
			isa = XCConfigurationList;
			buildConfigurations = (
				E04DCD1F26F8F10A003B4F8E /* Debug */,
				E04DCD2026F8F10A003B4F8E /* Release */,
			);
			defaultConfigurationIsVisible = 0;
			defaultConfigurationName = Release;
		};
		E04DCD2126F8F10A003B4F8E /* Build configuration list for PBXNativeTarget "SwyzzyTests" */ = {
			isa = XCConfigurationList;
			buildConfigurations = (
				E04DCD2226F8F10A003B4F8E /* Debug */,
				E04DCD2326F8F10A003B4F8E /* Release */,
			);
			defaultConfigurationIsVisible = 0;
			defaultConfigurationName = Release;
		};
		E04DCD2426F8F10A003B4F8E /* Build configuration list for PBXNativeTarget "SwyzzyUITests" */ = {
			isa = XCConfigurationList;
			buildConfigurations = (
				E04DCD2526F8F10A003B4F8E /* Debug */,
				E04DCD2626F8F10A003B4F8E /* Release */,
			);
			defaultConfigurationIsVisible = 0;
			defaultConfigurationName = Release;
		};
/* End XCConfigurationList section */

/* Begin XCRemoteSwiftPackageReference section */
		E04DCD3C26F90058003B4F8E /* XCRemoteSwiftPackageReference "firebase-ios-sdk" */ = {
			isa = XCRemoteSwiftPackageReference;
			repositoryURL = "https://github.com/firebase/firebase-ios-sdk.git";
			requirement = {
				kind = upToNextMajorVersion;
				minimumVersion = 8.7.0;
			};
		};
		E06AB69E270238CB008D1BEA /* XCRemoteSwiftPackageReference "SnapKit" */ = {
			isa = XCRemoteSwiftPackageReference;
			repositoryURL = "https://github.com/SnapKit/SnapKit";
			requirement = {
				kind = upToNextMajorVersion;
				minimumVersion = 5.0.0;
			};
		};
		E0B42F522700B681003C9C7B /* XCRemoteSwiftPackageReference "Swinject" */ = {
			isa = XCRemoteSwiftPackageReference;
			repositoryURL = "https://github.com/Swinject/Swinject";
			requirement = {
				kind = upToNextMajorVersion;
				minimumVersion = 2.0.0;
			};
		};
		F9C1046E274303F400451B88 /* XCRemoteSwiftPackageReference "SwiftCoordinatorsKit" */ = {
			isa = XCRemoteSwiftPackageReference;
			repositoryURL = "https://github.com/DobbyWanKenoby/SwiftCoordinatorsKit";
			requirement = {
				kind = upToNextMajorVersion;
				minimumVersion = 1.0.0;
			};
		};
/* End XCRemoteSwiftPackageReference section */

/* Begin XCSwiftPackageProductDependency section */
		E04DCD3D26F90058003B4F8E /* FirebaseFirestore */ = {
			isa = XCSwiftPackageProductDependency;
			package = E04DCD3C26F90058003B4F8E /* XCRemoteSwiftPackageReference "firebase-ios-sdk" */;
			productName = FirebaseFirestore;
		};
		E04DCD3F26F90058003B4F8E /* FirebaseFirestoreSwift-Beta */ = {
			isa = XCSwiftPackageProductDependency;
			package = E04DCD3C26F90058003B4F8E /* XCRemoteSwiftPackageReference "firebase-ios-sdk" */;
			productName = "FirebaseFirestoreSwift-Beta";
		};
		E04DCD4126F90058003B4F8E /* FirebaseStorageSwift-Beta */ = {
			isa = XCSwiftPackageProductDependency;
			package = E04DCD3C26F90058003B4F8E /* XCRemoteSwiftPackageReference "firebase-ios-sdk" */;
			productName = "FirebaseStorageSwift-Beta";
		};
		E04DCD4326F90058003B4F8E /* FirebaseStorage */ = {
			isa = XCSwiftPackageProductDependency;
			package = E04DCD3C26F90058003B4F8E /* XCRemoteSwiftPackageReference "firebase-ios-sdk" */;
			productName = FirebaseStorage;
		};
		E04DCD4526F90058003B4F8E /* FirebaseAuth */ = {
			isa = XCSwiftPackageProductDependency;
			package = E04DCD3C26F90058003B4F8E /* XCRemoteSwiftPackageReference "firebase-ios-sdk" */;
			productName = FirebaseAuth;
		};
		E06AB69F270238CB008D1BEA /* SnapKit */ = {
			isa = XCSwiftPackageProductDependency;
			package = E06AB69E270238CB008D1BEA /* XCRemoteSwiftPackageReference "SnapKit" */;
			productName = SnapKit;
		};
		E0B42F532700B681003C9C7B /* Swinject */ = {
			isa = XCSwiftPackageProductDependency;
			package = E0B42F522700B681003C9C7B /* XCRemoteSwiftPackageReference "Swinject" */;
			productName = Swinject;
		};
		F9C1046F274303F500451B88 /* SwiftCoordinatorsKit */ = {
			isa = XCSwiftPackageProductDependency;
			package = F9C1046E274303F400451B88 /* XCRemoteSwiftPackageReference "SwiftCoordinatorsKit" */;
			productName = SwiftCoordinatorsKit;
		};
/* End XCSwiftPackageProductDependency section */
	};
	rootObject = E04DCCEC26F8F109003B4F8E /* Project object */;
}
